
Microsoft Visual Studio Solution File, Format Version 12.00
# Visual Studio Version 17
VisualStudioVersion = 17.1.32421.90
MinimumVisualStudioVersion = 10.0.40219.1
Project("{9A19103F-16F7-4668-BE54-9A1E7A4F7556}") = "Manufacture.API", "Manufacture.API\Manufacture.API.csproj", "{C8CADB1D-17A6-488F-AE0F-3668EBEFC89B}"
EndProject
Project("{9A19103F-16F7-4668-BE54-9A1E7A4F7556}") = "SalesBusiness.API", "SalesBusiness.API\SalesBusiness.API.csproj", "{D2E1FDA1-AFC4-4633-9737-FFEBB0E18E85}"
EndProject
Project("{2150E333-8FDC-42A3-9474-1A3956D46DE8}") = "Docker", "Docker", "{C88EFA8E-C08F-4D2E-B54E-308C85FA87C0}"
	ProjectSection(SolutionItems) = preProject
		docker-compose.yaml = docker-compose.yaml
	EndProjectSection
EndProject
Project("{FAE04EC0-301F-11D3-BF4B-00C04F79EFBC}") = "Shared_Project", "Shared_Project\Shared_Project.csproj", "{61B0CBEA-3192-4CD8-ADB6-A68459A2439C}"
EndProject
Project("{FAE04EC0-301F-11D3-BF4B-00C04F79EFBC}") = "Ocelot.API", "Ocelot.API\Ocelot.API.csproj", "{0C0C1848-356B-49DD-8045-DFB588450446}"
EndProject
Global
	GlobalSection(SolutionConfigurationPlatforms) = preSolution
		Debug|Any CPU = Debug|Any CPU
		Release|Any CPU = Release|Any CPU
	EndGlobalSection
	GlobalSection(ProjectConfigurationPlatforms) = postSolution
		{C8CADB1D-17A6-488F-AE0F-3668EBEFC89B}.Debug|Any CPU.ActiveCfg = Debug|Any CPU
		{C8CADB1D-17A6-488F-AE0F-3668EBEFC89B}.Debug|Any CPU.Build.0 = Debug|Any CPU
		{C8CADB1D-17A6-488F-AE0F-3668EBEFC89B}.Release|Any CPU.ActiveCfg = Release|Any CPU
		{C8CADB1D-17A6-488F-AE0F-3668EBEFC89B}.Release|Any CPU.Build.0 = Release|Any CPU
		{D2E1FDA1-AFC4-4633-9737-FFEBB0E18E85}.Debug|Any CPU.ActiveCfg = Debug|Any CPU
		{D2E1FDA1-AFC4-4633-9737-FFEBB0E18E85}.Debug|Any CPU.Build.0 = Debug|Any CPU
		{D2E1FDA1-AFC4-4633-9737-FFEBB0E18E85}.Release|Any CPU.ActiveCfg = Release|Any CPU
		{D2E1FDA1-AFC4-4633-9737-FFEBB0E18E85}.Release|Any CPU.Build.0 = Release|Any CPU
		{61B0CBEA-3192-4CD8-ADB6-A68459A2439C}.Debug|Any CPU.ActiveCfg = Debug|Any CPU
		{61B0CBEA-3192-4CD8-ADB6-A68459A2439C}.Debug|Any CPU.Build.0 = Debug|Any CPU
		{61B0CBEA-3192-4CD8-ADB6-A68459A2439C}.Release|Any CPU.ActiveCfg = Release|Any CPU
		{61B0CBEA-3192-4CD8-ADB6-A68459A2439C}.Release|Any CPU.Build.0 = Release|Any CPU
		{0C0C1848-356B-49DD-8045-DFB588450446}.Debug|Any CPU.ActiveCfg = Debug|Any CPU
		{0C0C1848-356B-49DD-8045-DFB588450446}.Debug|Any CPU.Build.0 = Debug|Any CPU
		{0C0C1848-356B-49DD-8045-DFB588450446}.Release|Any CPU.ActiveCfg = Release|Any CPU
		{0C0C1848-356B-49DD-8045-DFB588450446}.Release|Any CPU.Build.0 = Release|Any CPU
	EndGlobalSection
	GlobalSection(SolutionProperties) = preSolution
		HideSolutionNode = FALSE
	EndGlobalSection
	GlobalSection(ExtensibilityGlobals) = postSolution
		SolutionGuid = {F989B389-8F92-46B0-A516-670EA8E55C45}
	EndGlobalSection
EndGlobal
